
Microsoft Visual Studio Solution File, Format Version 12.00
# Visual Studio Version 17
VisualStudioVersion = 17.8.34330.188
MinimumVisualStudioVersion = 10.0.40219.1
Project("{9A19103F-16F7-4668-BE54-9A1E7A4F7556}") = "Domain", "Domain\Domain.csproj", "{E6FDE945-E77E-4F59-B2B6-40040DE2EF8D}"
EndProject
Project("{FAE04EC0-301F-11D3-BF4B-00C04F79EFBC}") = "Game", "Game\Game.csproj", "{EBEB038C-228B-45A2-840D-C5041F406E67}"
EndProject
Global
	GlobalSection(SolutionConfigurationPlatforms) = preSolution
		Debug|Any CPU = Debug|Any CPU
		Release|Any CPU = Release|Any CPU
	EndGlobalSection
	GlobalSection(ProjectConfigurationPlatforms) = postSolution
		{E6FDE945-E77E-4F59-B2B6-40040DE2EF8D}.Debug|Any CPU.ActiveCfg = Debug|Any CPU
		{E6FDE945-E77E-4F59-B2B6-40040DE2EF8D}.Debug|Any CPU.Build.0 = Debug|Any CPU
		{E6FDE945-E77E-4F59-B2B6-40040DE2EF8D}.Release|Any CPU.ActiveCfg = Release|Any CPU
		{E6FDE945-E77E-4F59-B2B6-40040DE2EF8D}.Release|Any CPU.Build.0 = Release|Any CPU
		{EBEB038C-228B-45A2-840D-C5041F406E67}.Debug|Any CPU.ActiveCfg = Debug|Any CPU
		{EBEB038C-228B-45A2-840D-C5041F406E67}.Debug|Any CPU.Build.0 = Debug|Any CPU
		{EBEB038C-228B-45A2-840D-C5041F406E67}.Release|Any CPU.ActiveCfg = Release|Any CPU
		{EBEB038C-228B-45A2-840D-C5041F406E67}.Release|Any CPU.Build.0 = Release|Any CPU
	EndGlobalSection
	GlobalSection(SolutionProperties) = preSolution
		HideSolutionNode = FALSE
	EndGlobalSection
	GlobalSection(ExtensibilityGlobals) = postSolution
		SolutionGuid = {AEC0EE10-E9C0-4D55-84CD-B93D078015AA}
	EndGlobalSection
EndGlobal
